
Microsoft Visual Studio Solution File, Format Version 12.00
# Visual Studio Version 16
VisualStudioVersion = 16.0.29920.165
MinimumVisualStudioVersion = 10.0.40219.1
Project("{9A19103F-16F7-4668-BE54-9A1E7A4F7556}") = "FamilyTree", "FamilyTree.csproj", "{B72DA719-8963-4712-B70A-F8E4AA5456AA}"
EndProject
Project("{FAE04EC0-301F-11D3-BF4B-00C04F79EFBC}") = "NUnitTestProject1", "..\NUnitTestProject1\NUnitTestProject1.csproj", "{3A5FFF1A-EEC9-4B89-B0D2-9E9F9CC1110B}"
EndProject
Global
	GlobalSection(SolutionConfigurationPlatforms) = preSolution
		Debug|Any CPU = Debug|Any CPU
		Release|Any CPU = Release|Any CPU
	EndGlobalSection
	GlobalSection(ProjectConfigurationPlatforms) = postSolution
		{B72DA719-8963-4712-B70A-F8E4AA5456AA}.Debug|Any CPU.ActiveCfg = Debug|Any CPU
		{B72DA719-8963-4712-B70A-F8E4AA5456AA}.Debug|Any CPU.Build.0 = Debug|Any CPU
		{B72DA719-8963-4712-B70A-F8E4AA5456AA}.Release|Any CPU.ActiveCfg = Release|Any CPU
		{B72DA719-8963-4712-B70A-F8E4AA5456AA}.Release|Any CPU.Build.0 = Release|Any CPU
		{3A5FFF1A-EEC9-4B89-B0D2-9E9F9CC1110B}.Debug|Any CPU.ActiveCfg = Debug|Any CPU
		{3A5FFF1A-EEC9-4B89-B0D2-9E9F9CC1110B}.Debug|Any CPU.Build.0 = Debug|Any CPU
		{3A5FFF1A-EEC9-4B89-B0D2-9E9F9CC1110B}.Release|Any CPU.ActiveCfg = Release|Any CPU
		{3A5FFF1A-EEC9-4B89-B0D2-9E9F9CC1110B}.Release|Any CPU.Build.0 = Release|Any CPU
	EndGlobalSection
	GlobalSection(SolutionProperties) = preSolution
		HideSolutionNode = FALSE
	EndGlobalSection
	GlobalSection(ExtensibilityGlobals) = postSolution
		SolutionGuid = {44F396F3-C0A9-49D0-916A-70C8D7A429AD}
	EndGlobalSection
EndGlobal
